
Microsoft Visual Studio Solution File, Format Version 12.00
# Visual Studio Version 17
VisualStudioVersion = 17.14.36414.22 d17.14
MinimumVisualStudioVersion = 10.0.40219.1
Project("{FAE04EC0-301F-11D3-BF4B-00C04F79EFBC}") = "MonthlyClaimsApp", "MonthlyClaimsApp\MonthlyClaimsApp.csproj", "{07744A69-2EC9-4D58-BF1E-979F55FC35FD}"
EndProject
Global
	GlobalSection(SolutionConfigurationPlatforms) = preSolution
		Debug|Any CPU = Debug|Any CPU
		Release|Any CPU = Release|Any CPU
	EndGlobalSection
	GlobalSection(ProjectConfigurationPlatforms) = postSolution
		{07744A69-2EC9-4D58-BF1E-979F55FC35FD}.Debug|Any CPU.ActiveCfg = Debug|Any CPU
		{07744A69-2EC9-4D58-BF1E-979F55FC35FD}.Debug|Any CPU.Build.0 = Debug|Any CPU
		{07744A69-2EC9-4D58-BF1E-979F55FC35FD}.Release|Any CPU.ActiveCfg = Release|Any CPU
		{07744A69-2EC9-4D58-BF1E-979F55FC35FD}.Release|Any CPU.Build.0 = Release|Any CPU
	EndGlobalSection
	GlobalSection(SolutionProperties) = preSolution
		HideSolutionNode = FALSE
	EndGlobalSection
	GlobalSection(ExtensibilityGlobals) = postSolution
		SolutionGuid = {376CD362-1BCF-48E3-868B-2EF3FA841DC0}
	EndGlobalSection
EndGlobal
